// !$*UTF8*$!
{
	archiveVersion = 1;
	classes = {
	};
	objectVersion = 46;
	objects = {

/* Begin PBXBuildFile section */
		C178631A4B2BE7188707AD5C /* TBXML.m in Sources */ = {isa = PBXBuildFile; fileRef = C1786749A866A074514A6BD7 /* TBXML.m */; };
		F2CABBEC1641C6F100ADE23B /* Cocoa.framework in Frameworks */ = {isa = PBXBuildFile; fileRef = F2CABBEB1641C6F100ADE23B /* Cocoa.framework */; };
		F2CABBF61641C6F100ADE23B /* InfoPlist.strings in Resources */ = {isa = PBXBuildFile; fileRef = F2CABBF41641C6F100ADE23B /* InfoPlist.strings */; };
		F2CABBF81641C6F100ADE23B /* main.m in Sources */ = {isa = PBXBuildFile; fileRef = F2CABBF71641C6F100ADE23B /* main.m */; };
		F2CABBFC1641C6F100ADE23B /* Credits.rtf in Resources */ = {isa = PBXBuildFile; fileRef = F2CABBFA1641C6F100ADE23B /* Credits.rtf */; };
		F2CABBFF1641C6F100ADE23B /* UCAppDelegate.m in Sources */ = {isa = PBXBuildFile; fileRef = F2CABBFE1641C6F100ADE23B /* UCAppDelegate.m */; };
		F2CABC021641C6F200ADE23B /* MainMenu.xib in Resources */ = {isa = PBXBuildFile; fileRef = F2CABC001641C6F200ADE23B /* MainMenu.xib */; };
		F2CABC0A1641C6F200ADE23B /* SenTestingKit.framework in Frameworks */ = {isa = PBXBuildFile; fileRef = F2CABC091641C6F200ADE23B /* SenTestingKit.framework */; };
		F2CABC0B1641C6F200ADE23B /* Cocoa.framework in Frameworks */ = {isa = PBXBuildFile; fileRef = F2CABBEB1641C6F100ADE23B /* Cocoa.framework */; };
		F2CABC131641C6F200ADE23B /* InfoPlist.strings in Resources */ = {isa = PBXBuildFile; fileRef = F2CABC111641C6F200ADE23B /* InfoPlist.strings */; };
		F2CABC161641C6F200ADE23B /* _tracks4macTests.m in Sources */ = {isa = PBXBuildFile; fileRef = F2CABC151641C6F200ADE23B /* _tracks4macTests.m */; };
		F2CABC281641CDDB00ADE23B /* API_Key.plist in Resources */ = {isa = PBXBuildFile; fileRef = F2CABC271641CDDB00ADE23B /* API_Key.plist */; };
		F2CABC2C1641CE4700ADE23B /* UCAPIKeyReader.m in Sources */ = {isa = PBXBuildFile; fileRef = F2CABC2B1641CE4700ADE23B /* UCAPIKeyReader.m */; };
		F2CABC301641CEAA00ADE23B /* UCAPIKeyReaderTest.m in Sources */ = {isa = PBXBuildFile; fileRef = F2CABC2F1641CEAA00ADE23B /* UCAPIKeyReaderTest.m */; };
		F2CABC331642B8BE00ADE23B /* UCRemoteCall.m in Sources */ = {isa = PBXBuildFile; fileRef = F2CABC321642B8BE00ADE23B /* UCRemoteCall.m */; };
		F2CABC361642B8E300ADE23B /* UCRemoteCallTest.m in Sources */ = {isa = PBXBuildFile; fileRef = F2CABC351642B8E300ADE23B /* UCRemoteCallTest.m */; };
		F2CABC381642BB0F00ADE23B /* OCMock.framework in Frameworks */ = {isa = PBXBuildFile; fileRef = F2CABC371642BB0E00ADE23B /* OCMock.framework */; };
/* End PBXBuildFile section */

/* Begin PBXContainerItemProxy section */
		F2CABC0C1641C6F200ADE23B /* PBXContainerItemProxy */ = {
			isa = PBXContainerItemProxy;
			containerPortal = F2CABBDE1641C6F100ADE23B /* Project object */;
			proxyType = 1;
			remoteGlobalIDString = F2CABBE61641C6F100ADE23B;
			remoteInfo = 8tracks4mac;
		};
/* End PBXContainerItemProxy section */

/* Begin PBXFileReference section */
		C17863604E2BCBBFD40CD218 /* TBXML.h */ = {isa = PBXFileReference; fileEncoding = 4; lastKnownFileType = sourcecode.c.h; name = TBXML.h; path = "TBXML-Headers/TBXML.h"; sourceTree = "<group>"; };
		C1786749A866A074514A6BD7 /* TBXML.m */ = {isa = PBXFileReference; fileEncoding = 4; lastKnownFileType = sourcecode.c.objc; name = TBXML.m; path = "TBXML-Code/TBXML.m"; sourceTree = "<group>"; };
		F2CABBE71641C6F100ADE23B /* 8tracks4mac.app */ = {isa = PBXFileReference; explicitFileType = wrapper.application; includeInIndex = 0; path = 8tracks4mac.app; sourceTree = BUILT_PRODUCTS_DIR; };
		F2CABBEB1641C6F100ADE23B /* Cocoa.framework */ = {isa = PBXFileReference; lastKnownFileType = wrapper.framework; name = Cocoa.framework; path = System/Library/Frameworks/Cocoa.framework; sourceTree = SDKROOT; };
		F2CABBEE1641C6F100ADE23B /* AppKit.framework */ = {isa = PBXFileReference; lastKnownFileType = wrapper.framework; name = AppKit.framework; path = System/Library/Frameworks/AppKit.framework; sourceTree = SDKROOT; };
		F2CABBEF1641C6F100ADE23B /* CoreData.framework */ = {isa = PBXFileReference; lastKnownFileType = wrapper.framework; name = CoreData.framework; path = System/Library/Frameworks/CoreData.framework; sourceTree = SDKROOT; };
		F2CABBF01641C6F100ADE23B /* Foundation.framework */ = {isa = PBXFileReference; lastKnownFileType = wrapper.framework; name = Foundation.framework; path = System/Library/Frameworks/Foundation.framework; sourceTree = SDKROOT; };
		F2CABBF31641C6F100ADE23B /* 8tracks4mac-Info.plist */ = {isa = PBXFileReference; lastKnownFileType = text.plist.xml; path = "8tracks4mac-Info.plist"; sourceTree = "<group>"; };
		F2CABBF51641C6F100ADE23B /* en */ = {isa = PBXFileReference; lastKnownFileType = text.plist.strings; name = en; path = en.lproj/InfoPlist.strings; sourceTree = "<group>"; };
		F2CABBF71641C6F100ADE23B /* main.m */ = {isa = PBXFileReference; lastKnownFileType = sourcecode.c.objc; path = main.m; sourceTree = "<group>"; };
		F2CABBF91641C6F100ADE23B /* 8tracks4mac-Prefix.pch */ = {isa = PBXFileReference; lastKnownFileType = sourcecode.c.h; path = "8tracks4mac-Prefix.pch"; sourceTree = "<group>"; };
		F2CABBFB1641C6F100ADE23B /* en */ = {isa = PBXFileReference; lastKnownFileType = text.rtf; name = en; path = en.lproj/Credits.rtf; sourceTree = "<group>"; };
		F2CABBFD1641C6F100ADE23B /* UCAppDelegate.h */ = {isa = PBXFileReference; lastKnownFileType = sourcecode.c.h; path = UCAppDelegate.h; sourceTree = "<group>"; };
		F2CABBFE1641C6F100ADE23B /* UCAppDelegate.m */ = {isa = PBXFileReference; lastKnownFileType = sourcecode.c.objc; path = UCAppDelegate.m; sourceTree = "<group>"; };
		F2CABC011641C6F200ADE23B /* en */ = {isa = PBXFileReference; lastKnownFileType = file.xib; name = en; path = en.lproj/MainMenu.xib; sourceTree = "<group>"; };
		F2CABC081641C6F200ADE23B /* 8tracks4macTests.octest */ = {isa = PBXFileReference; explicitFileType = wrapper.cfbundle; includeInIndex = 0; path = 8tracks4macTests.octest; sourceTree = BUILT_PRODUCTS_DIR; };
		F2CABC091641C6F200ADE23B /* SenTestingKit.framework */ = {isa = PBXFileReference; lastKnownFileType = wrapper.framework; name = SenTestingKit.framework; path = Library/Frameworks/SenTestingKit.framework; sourceTree = DEVELOPER_DIR; };
		F2CABC101641C6F200ADE23B /* 8tracks4macTests-Info.plist */ = {isa = PBXFileReference; lastKnownFileType = text.plist.xml; path = "8tracks4macTests-Info.plist"; sourceTree = "<group>"; };
		F2CABC121641C6F200ADE23B /* en */ = {isa = PBXFileReference; lastKnownFileType = text.plist.strings; name = en; path = en.lproj/InfoPlist.strings; sourceTree = "<group>"; };
		F2CABC141641C6F200ADE23B /* _tracks4macTests.h */ = {isa = PBXFileReference; lastKnownFileType = sourcecode.c.h; path = _tracks4macTests.h; sourceTree = "<group>"; };
		F2CABC151641C6F200ADE23B /* _tracks4macTests.m */ = {isa = PBXFileReference; lastKnownFileType = sourcecode.c.objc; path = _tracks4macTests.m; sourceTree = "<group>"; };
		F2CABC271641CDDB00ADE23B /* API_Key.plist */ = {isa = PBXFileReference; fileEncoding = 4; lastKnownFileType = text.plist.xml; path = API_Key.plist; sourceTree = "<group>"; };
		F2CABC2A1641CE4700ADE23B /* UCAPIKeyReader.h */ = {isa = PBXFileReference; fileEncoding = 4; lastKnownFileType = sourcecode.c.h; path = UCAPIKeyReader.h; sourceTree = "<group>"; };
		F2CABC2B1641CE4700ADE23B /* UCAPIKeyReader.m */ = {isa = PBXFileReference; fileEncoding = 4; lastKnownFileType = sourcecode.c.objc; path = UCAPIKeyReader.m; sourceTree = "<group>"; };
		F2CABC2E1641CEAA00ADE23B /* UCAPIKeyReaderTest.h */ = {isa = PBXFileReference; fileEncoding = 4; lastKnownFileType = sourcecode.c.h; path = UCAPIKeyReaderTest.h; sourceTree = "<group>"; };
		F2CABC2F1641CEAA00ADE23B /* UCAPIKeyReaderTest.m */ = {isa = PBXFileReference; fileEncoding = 4; lastKnownFileType = sourcecode.c.objc; path = UCAPIKeyReaderTest.m; sourceTree = "<group>"; };
		F2CABC311642B8BE00ADE23B /* UCRemoteCall.h */ = {isa = PBXFileReference; fileEncoding = 4; lastKnownFileType = sourcecode.c.h; path = UCRemoteCall.h; sourceTree = "<group>"; };
		F2CABC321642B8BE00ADE23B /* UCRemoteCall.m */ = {isa = PBXFileReference; fileEncoding = 4; lastKnownFileType = sourcecode.c.objc; path = UCRemoteCall.m; sourceTree = "<group>"; };
		F2CABC341642B8E300ADE23B /* UCRemoteCallTest.h */ = {isa = PBXFileReference; fileEncoding = 4; lastKnownFileType = sourcecode.c.h; path = UCRemoteCallTest.h; sourceTree = "<group>"; };
		F2CABC351642B8E300ADE23B /* UCRemoteCallTest.m */ = {isa = PBXFileReference; fileEncoding = 4; lastKnownFileType = sourcecode.c.objc; path = UCRemoteCallTest.m; sourceTree = "<group>"; };
		F2CABC371642BB0E00ADE23B /* OCMock.framework */ = {isa = PBXFileReference; lastKnownFileType = wrapper.framework; name = OCMock.framework; path = ../../../../Downloads/programming/OCMock.framework; sourceTree = "<group>"; };
/* End PBXFileReference section */

/* Begin PBXFrameworksBuildPhase section */
		F2CABBE41641C6F100ADE23B /* Frameworks */ = {
			isa = PBXFrameworksBuildPhase;
			buildActionMask = 2147483647;
			files = (
				F2CABBEC1641C6F100ADE23B /* Cocoa.framework in Frameworks */,
			);
			runOnlyForDeploymentPostprocessing = 0;
		};
		F2CABC041641C6F200ADE23B /* Frameworks */ = {
			isa = PBXFrameworksBuildPhase;
			buildActionMask = 2147483647;
			files = (
				F2CABC381642BB0F00ADE23B /* OCMock.framework in Frameworks */,
				F2CABC0A1641C6F200ADE23B /* SenTestingKit.framework in Frameworks */,
				F2CABC0B1641C6F200ADE23B /* Cocoa.framework in Frameworks */,
			);
			runOnlyForDeploymentPostprocessing = 0;
		};
/* End PBXFrameworksBuildPhase section */

/* Begin PBXGroup section */
		C1786B1C259C6D5B7609B691 /* TBXML */ = {
			isa = PBXGroup;
			children = (
				C17863604E2BCBBFD40CD218 /* TBXML.h */,
				C1786749A866A074514A6BD7 /* TBXML.m */,
			);
			path = TBXML;
			sourceTree = "<group>";
		};
		F2CABBDC1641C6F100ADE23B = {
			isa = PBXGroup;
			children = (
				F2CABC371642BB0E00ADE23B /* OCMock.framework */,
				F2CABBF11641C6F100ADE23B /* 8tracks4mac */,
				F2CABC0E1641C6F200ADE23B /* 8tracks4macTests */,
				F2CABBEA1641C6F100ADE23B /* Frameworks */,
				F2CABBE81641C6F100ADE23B /* Products */,
				C1786B1C259C6D5B7609B691 /* TBXML */,
			);
			sourceTree = "<group>";
		};
		F2CABBE81641C6F100ADE23B /* Products */ = {
			isa = PBXGroup;
			children = (
				F2CABBE71641C6F100ADE23B /* 8tracks4mac.app */,
				F2CABC081641C6F200ADE23B /* 8tracks4macTests.octest */,
			);
			name = Products;
			sourceTree = "<group>";
		};
		F2CABBEA1641C6F100ADE23B /* Frameworks */ = {
			isa = PBXGroup;
			children = (
				F2CABBEB1641C6F100ADE23B /* Cocoa.framework */,
				F2CABC091641C6F200ADE23B /* SenTestingKit.framework */,
				F2CABBED1641C6F100ADE23B /* Other Frameworks */,
			);
			name = Frameworks;
			sourceTree = "<group>";
		};
		F2CABBED1641C6F100ADE23B /* Other Frameworks */ = {
			isa = PBXGroup;
			children = (
				F2CABBEE1641C6F100ADE23B /* AppKit.framework */,
				F2CABBEF1641C6F100ADE23B /* CoreData.framework */,
				F2CABBF01641C6F100ADE23B /* Foundation.framework */,
			);
			name = "Other Frameworks";
			sourceTree = "<group>";
		};
		F2CABBF11641C6F100ADE23B /* 8tracks4mac */ = {
			isa = PBXGroup;
			children = (
				F2CABBF21641C6F100ADE23B /* Supporting Files */,
				F2CABBFD1641C6F100ADE23B /* UCAppDelegate.h */,
				F2CABBFE1641C6F100ADE23B /* UCAppDelegate.m */,
				F2CABC001641C6F200ADE23B /* MainMenu.xib */,
				F2CABC2A1641CE4700ADE23B /* UCAPIKeyReader.h */,
				F2CABC2B1641CE4700ADE23B /* UCAPIKeyReader.m */,
				F2CABC311642B8BE00ADE23B /* UCRemoteCall.h */,
				F2CABC321642B8BE00ADE23B /* UCRemoteCall.m */,
			);
			path = 8tracks4mac;
			sourceTree = "<group>";
		};
		F2CABBF21641C6F100ADE23B /* Supporting Files */ = {
			isa = PBXGroup;
			children = (
				F2CABBF31641C6F100ADE23B /* 8tracks4mac-Info.plist */,
				F2CABBF41641C6F100ADE23B /* InfoPlist.strings */,
				F2CABBF71641C6F100ADE23B /* main.m */,
				F2CABBF91641C6F100ADE23B /* 8tracks4mac-Prefix.pch */,
				F2CABBFA1641C6F100ADE23B /* Credits.rtf */,
				F2CABC271641CDDB00ADE23B /* API_Key.plist */,
			);
			name = "Supporting Files";
			sourceTree = "<group>";
		};
		F2CABC0E1641C6F200ADE23B /* 8tracks4macTests */ = {
			isa = PBXGroup;
			children = (
				F2CABC0F1641C6F200ADE23B /* Supporting Files */,
				F2CABC141641C6F200ADE23B /* _tracks4macTests.h */,
				F2CABC151641C6F200ADE23B /* _tracks4macTests.m */,
				F2CABC2E1641CEAA00ADE23B /* UCAPIKeyReaderTest.h */,
				F2CABC2F1641CEAA00ADE23B /* UCAPIKeyReaderTest.m */,
				F2CABC341642B8E300ADE23B /* UCRemoteCallTest.h */,
				F2CABC351642B8E300ADE23B /* UCRemoteCallTest.m */,
			);
			path = 8tracks4macTests;
			sourceTree = "<group>";
		};
		F2CABC0F1641C6F200ADE23B /* Supporting Files */ = {
			isa = PBXGroup;
			children = (
				F2CABC101641C6F200ADE23B /* 8tracks4macTests-Info.plist */,
				F2CABC111641C6F200ADE23B /* InfoPlist.strings */,
			);
			name = "Supporting Files";
			sourceTree = "<group>";
		};
/* End PBXGroup section */

/* Begin PBXNativeTarget section */
		F2CABBE61641C6F100ADE23B /* 8tracks4mac */ = {
			isa = PBXNativeTarget;
			buildConfigurationList = F2CABC191641C6F200ADE23B /* Build configuration list for PBXNativeTarget "8tracks4mac" */;
			buildPhases = (
				F2CABBE31641C6F100ADE23B /* Sources */,
				F2CABBE41641C6F100ADE23B /* Frameworks */,
				F2CABBE51641C6F100ADE23B /* Resources */,
			);
			buildRules = (
			);
			dependencies = (
			);
			name = 8tracks4mac;
			productName = 8tracks4mac;
			productReference = F2CABBE71641C6F100ADE23B /* 8tracks4mac.app */;
			productType = "com.apple.product-type.application";
		};
		F2CABC071641C6F200ADE23B /* 8tracks4macTests */ = {
			isa = PBXNativeTarget;
			buildConfigurationList = F2CABC1C1641C6F200ADE23B /* Build configuration list for PBXNativeTarget "8tracks4macTests" */;
			buildPhases = (
				F2CABC031641C6F200ADE23B /* Sources */,
				F2CABC041641C6F200ADE23B /* Frameworks */,
				F2CABC051641C6F200ADE23B /* Resources */,
				F2CABC061641C6F200ADE23B /* ShellScript */,
			);
			buildRules = (
			);
			dependencies = (
				F2CABC0D1641C6F200ADE23B /* PBXTargetDependency */,
			);
			name = 8tracks4macTests;
			productName = 8tracks4macTests;
			productReference = F2CABC081641C6F200ADE23B /* 8tracks4macTests.octest */;
			productType = "com.apple.product-type.bundle";
		};
/* End PBXNativeTarget section */

/* Begin PBXProject section */
		F2CABBDE1641C6F100ADE23B /* Project object */ = {
			isa = PBXProject;
			attributes = {
				CLASSPREFIX = UC;
				LastUpgradeCheck = 0450;
				ORGANIZATIONNAME = umbucaja;
			};
			buildConfigurationList = F2CABBE11641C6F100ADE23B /* Build configuration list for PBXProject "8tracks4mac" */;
			compatibilityVersion = "Xcode 3.2";
			developmentRegion = English;
			hasScannedForEncodings = 0;
			knownRegions = (
				en,
			);
			mainGroup = F2CABBDC1641C6F100ADE23B;
			productRefGroup = F2CABBE81641C6F100ADE23B /* Products */;
			projectDirPath = "";
			projectRoot = "";
			targets = (
				F2CABBE61641C6F100ADE23B /* 8tracks4mac */,
				F2CABC071641C6F200ADE23B /* 8tracks4macTests */,
			);
		};
/* End PBXProject section */

/* Begin PBXResourcesBuildPhase section */
		F2CABBE51641C6F100ADE23B /* Resources */ = {
			isa = PBXResourcesBuildPhase;
			buildActionMask = 2147483647;
			files = (
				F2CABBF61641C6F100ADE23B /* InfoPlist.strings in Resources */,
				F2CABBFC1641C6F100ADE23B /* Credits.rtf in Resources */,
				F2CABC021641C6F200ADE23B /* MainMenu.xib in Resources */,
				F2CABC281641CDDB00ADE23B /* API_Key.plist in Resources */,
			);
			runOnlyForDeploymentPostprocessing = 0;
		};
		F2CABC051641C6F200ADE23B /* Resources */ = {
			isa = PBXResourcesBuildPhase;
			buildActionMask = 2147483647;
			files = (
				F2CABC131641C6F200ADE23B /* InfoPlist.strings in Resources */,
			);
			runOnlyForDeploymentPostprocessing = 0;
		};
/* End PBXResourcesBuildPhase section */

/* Begin PBXShellScriptBuildPhase section */
		F2CABC061641C6F200ADE23B /* ShellScript */ = {
			isa = PBXShellScriptBuildPhase;
			buildActionMask = 2147483647;
			files = (
			);
			inputPaths = (
			);
			outputPaths = (
			);
			runOnlyForDeploymentPostprocessing = 0;
			shellPath = /bin/sh;
			shellScript = "# Run the unit tests in this test bundle.\n\"${SYSTEM_DEVELOPER_DIR}/Tools/RunUnitTests\"\n";
		};
/* End PBXShellScriptBuildPhase section */

/* Begin PBXSourcesBuildPhase section */
		F2CABBE31641C6F100ADE23B /* Sources */ = {
			isa = PBXSourcesBuildPhase;
			buildActionMask = 2147483647;
			files = (
				F2CABBF81641C6F100ADE23B /* main.m in Sources */,
				F2CABBFF1641C6F100ADE23B /* UCAppDelegate.m in Sources */,
				F2CABC2C1641CE4700ADE23B /* UCAPIKeyReader.m in Sources */,
				F2CABC331642B8BE00ADE23B /* UCRemoteCall.m in Sources */,
				C178631A4B2BE7188707AD5C /* TBXML.m in Sources */,
			);
			runOnlyForDeploymentPostprocessing = 0;
		};
		F2CABC031641C6F200ADE23B /* Sources */ = {
			isa = PBXSourcesBuildPhase;
			buildActionMask = 2147483647;
			files = (
				F2CABC161641C6F200ADE23B /* _tracks4macTests.m in Sources */,
				F2CABC301641CEAA00ADE23B /* UCAPIKeyReaderTest.m in Sources */,
				F2CABC361642B8E300ADE23B /* UCRemoteCallTest.m in Sources */,
			);
			runOnlyForDeploymentPostprocessing = 0;
		};
/* End PBXSourcesBuildPhase section */

/* Begin PBXTargetDependency section */
		F2CABC0D1641C6F200ADE23B /* PBXTargetDependency */ = {
			isa = PBXTargetDependency;
			target = F2CABBE61641C6F100ADE23B /* 8tracks4mac */;
			targetProxy = F2CABC0C1641C6F200ADE23B /* PBXContainerItemProxy */;
		};
/* End PBXTargetDependency section */

/* Begin PBXVariantGroup section */
		F2CABBF41641C6F100ADE23B /* InfoPlist.strings */ = {
			isa = PBXVariantGroup;
			children = (
				F2CABBF51641C6F100ADE23B /* en */,
			);
			name = InfoPlist.strings;
			sourceTree = "<group>";
		};
		F2CABBFA1641C6F100ADE23B /* Credits.rtf */ = {
			isa = PBXVariantGroup;
			children = (
				F2CABBFB1641C6F100ADE23B /* en */,
			);
			name = Credits.rtf;
			sourceTree = "<group>";
		};
		F2CABC001641C6F200ADE23B /* MainMenu.xib */ = {
			isa = PBXVariantGroup;
			children = (
				F2CABC011641C6F200ADE23B /* en */,
			);
			name = MainMenu.xib;
			sourceTree = "<group>";
		};
		F2CABC111641C6F200ADE23B /* InfoPlist.strings */ = {
			isa = PBXVariantGroup;
			children = (
				F2CABC121641C6F200ADE23B /* en */,
			);
			name = InfoPlist.strings;
			sourceTree = "<group>";
		};
/* End PBXVariantGroup section */

/* Begin XCBuildConfiguration section */
		F2CABC171641C6F200ADE23B /* Debug */ = {
			isa = XCBuildConfiguration;
			buildSettings = {
				ALWAYS_SEARCH_USER_PATHS = NO;
				ARCHS = "$(ARCHS_STANDARD_64_BIT)";
				CLANG_CXX_LANGUAGE_STANDARD = "gnu++0x";
				CLANG_CXX_LIBRARY = "libc++";
				CLANG_ENABLE_OBJC_ARC = YES;
				CLANG_WARN_EMPTY_BODY = YES;
				CLANG_WARN__DUPLICATE_METHOD_MATCH = YES;
				COPY_PHASE_STRIP = NO;
				GCC_C_LANGUAGE_STANDARD = gnu99;
				GCC_DYNAMIC_NO_PIC = NO;
				GCC_ENABLE_OBJC_EXCEPTIONS = YES;
				GCC_OPTIMIZATION_LEVEL = 0;
				GCC_PREPROCESSOR_DEFINITIONS = (
					"DEBUG=1",
					"$(inherited)",
				);
				GCC_SYMBOLS_PRIVATE_EXTERN = NO;
				GCC_WARN_64_TO_32_BIT_CONVERSION = YES;
				GCC_WARN_ABOUT_RETURN_TYPE = YES;
				GCC_WARN_UNINITIALIZED_AUTOS = YES;
				GCC_WARN_UNUSED_VARIABLE = YES;
				MACOSX_DEPLOYMENT_TARGET = 10.8;
				ONLY_ACTIVE_ARCH = YES;
				SDKROOT = macosx;
			};
			name = Debug;
		};
		F2CABC181641C6F200ADE23B /* Release */ = {
			isa = XCBuildConfiguration;
			buildSettings = {
				ALWAYS_SEARCH_USER_PATHS = NO;
				ARCHS = "$(ARCHS_STANDARD_64_BIT)";
				CLANG_CXX_LANGUAGE_STANDARD = "gnu++0x";
				CLANG_CXX_LIBRARY = "libc++";
				CLANG_ENABLE_OBJC_ARC = YES;
				CLANG_WARN_EMPTY_BODY = YES;
				CLANG_WARN__DUPLICATE_METHOD_MATCH = YES;
				COPY_PHASE_STRIP = YES;
				DEBUG_INFORMATION_FORMAT = "dwarf-with-dsym";
				GCC_C_LANGUAGE_STANDARD = gnu99;
				GCC_ENABLE_OBJC_EXCEPTIONS = YES;
				GCC_WARN_64_TO_32_BIT_CONVERSION = YES;
				GCC_WARN_ABOUT_RETURN_TYPE = YES;
				GCC_WARN_UNINITIALIZED_AUTOS = YES;
				GCC_WARN_UNUSED_VARIABLE = YES;
				MACOSX_DEPLOYMENT_TARGET = 10.8;
				SDKROOT = macosx;
			};
			name = Release;
		};
		F2CABC1A1641C6F200ADE23B /* Debug */ = {
			isa = XCBuildConfiguration;
			buildSettings = {
				COMBINE_HIDPI_IMAGES = YES;
				GCC_PRECOMPILE_PREFIX_HEADER = YES;
				GCC_PREFIX_HEADER = "8tracks4mac/8tracks4mac-Prefix.pch";
				INFOPLIST_FILE = "8tracks4mac/8tracks4mac-Info.plist";
				PRODUCT_NAME = "$(TARGET_NAME)";
				WRAPPER_EXTENSION = app;
			};
			name = Debug;
		};
		F2CABC1B1641C6F200ADE23B /* Release */ = {
			isa = XCBuildConfiguration;
			buildSettings = {
				COMBINE_HIDPI_IMAGES = YES;
				GCC_PRECOMPILE_PREFIX_HEADER = YES;
				GCC_PREFIX_HEADER = "8tracks4mac/8tracks4mac-Prefix.pch";
				INFOPLIST_FILE = "8tracks4mac/8tracks4mac-Info.plist";
				PRODUCT_NAME = "$(TARGET_NAME)";
				WRAPPER_EXTENSION = app;
			};
			name = Release;
		};
		F2CABC1D1641C6F200ADE23B /* Debug */ = {
			isa = XCBuildConfiguration;
			buildSettings = {
				BUNDLE_LOADER = "$(BUILT_PRODUCTS_DIR)/8tracks4mac.app/Contents/MacOS/8tracks4mac";
				COMBINE_HIDPI_IMAGES = YES;
				FRAMEWORK_SEARCH_PATHS = (
					"\"$(DEVELOPER_LIBRARY_DIR)/Frameworks\"",
					"\"$(SRCROOT)/../../../../Downloads/programming\"",
				);
				GCC_PRECOMPILE_PREFIX_HEADER = YES;
				GCC_PREFIX_HEADER = "8tracks4mac/8tracks4mac-Prefix.pch";
				INFOPLIST_FILE = "8tracks4macTests/8tracks4macTests-Info.plist";
				PRODUCT_NAME = "$(TARGET_NAME)";
				TEST_HOST = "$(BUNDLE_LOADER)";
				WRAPPER_EXTENSION = octest;
			};
			name = Debug;
		};
		F2CABC1E1641C6F200ADE23B /* Release */ = {
			isa = XCBuildConfiguration;
			buildSettings = {
				BUNDLE_LOADER = "$(BUILT_PRODUCTS_DIR)/8tracks4mac.app/Contents/MacOS/8tracks4mac";
				COMBINE_HIDPI_IMAGES = YES;
				FRAMEWORK_SEARCH_PATHS = (
					"\"$(DEVELOPER_LIBRARY_DIR)/Frameworks\"",
					"\"$(SRCROOT)/../../../../Downloads/programming\"",
				);
				GCC_PRECOMPILE_PREFIX_HEADER = YES;
				GCC_PREFIX_HEADER = "8tracks4mac/8tracks4mac-Prefix.pch";
				INFOPLIST_FILE = "8tracks4macTests/8tracks4macTests-Info.plist";
				PRODUCT_NAME = "$(TARGET_NAME)";
				TEST_HOST = "$(BUNDLE_LOADER)";
				WRAPPER_EXTENSION = octest;
			};
			name = Release;
		};
/* End XCBuildConfiguration section */

/* Begin XCConfigurationList section */
		F2CABBE11641C6F100ADE23B /* Build configuration list for PBXProject "8tracks4mac" */ = {
			isa = XCConfigurationList;
			buildConfigurations = (
				F2CABC171641C6F200ADE23B /* Debug */,
				F2CABC181641C6F200ADE23B /* Release */,
			);
			defaultConfigurationIsVisible = 0;
			defaultConfigurationName = Release;
		};
		F2CABC191641C6F200ADE23B /* Build configuration list for PBXNativeTarget "8tracks4mac" */ = {
			isa = XCConfigurationList;
			buildConfigurations = (
				F2CABC1A1641C6F200ADE23B /* Debug */,
				F2CABC1B1641C6F200ADE23B /* Release */,
			);
			defaultConfigurationIsVisible = 0;
			defaultConfigurationName = Release;
		};
		F2CABC1C1641C6F200ADE23B /* Build configuration list for PBXNativeTarget "8tracks4macTests" */ = {
			isa = XCConfigurationList;
			buildConfigurations = (
				F2CABC1D1641C6F200ADE23B /* Debug */,
				F2CABC1E1641C6F200ADE23B /* Release */,
			);
			defaultConfigurationIsVisible = 0;
			defaultConfigurationName = Release;
		};
/* End XCConfigurationList section */
	};
	rootObject = F2CABBDE1641C6F100ADE23B /* Project object */;
}
